// !$*UTF8*$!
{
	archiveVersion = 1;
	classes = {
	};
	objectVersion = 55;
	objects = {

/* Begin PBXBuildFile section */
		7F900E8528FEED2800F5ABDA /* PokemonMO+CoreDataClass.swift in Sources */ = {isa = PBXBuildFile; fileRef = 7F900E8328FEED2800F5ABDA /* PokemonMO+CoreDataClass.swift */; };
		7F900E8628FEED2800F5ABDA /* PokemonMO+CoreDataProperties.swift in Sources */ = {isa = PBXBuildFile; fileRef = 7F900E8428FEED2800F5ABDA /* PokemonMO+CoreDataProperties.swift */; };
		7F900E8828FEEF5D00F5ABDA /* SavedListViewModel.swift in Sources */ = {isa = PBXBuildFile; fileRef = 7F900E8728FEEF5D00F5ABDA /* SavedListViewModel.swift */; };
		7F900E8B28FEF32900F5ABDA /* NotificationName+Extensions.swift in Sources */ = {isa = PBXBuildFile; fileRef = 7F900E8A28FEF32900F5ABDA /* NotificationName+Extensions.swift */; };
		7FA0AC4428FD0CC700611CBB /* AppDelegate.swift in Sources */ = {isa = PBXBuildFile; fileRef = 7FA0AC4328FD0CC700611CBB /* AppDelegate.swift */; };
		7FA0AC4628FD0CC700611CBB /* SceneDelegate.swift in Sources */ = {isa = PBXBuildFile; fileRef = 7FA0AC4528FD0CC700611CBB /* SceneDelegate.swift */; };
		7FA0AC4E28FD0CC700611CBB /* PokemonPedia.xcdatamodeld in Sources */ = {isa = PBXBuildFile; fileRef = 7FA0AC4C28FD0CC700611CBB /* PokemonPedia.xcdatamodeld */; };
		7FA0AC5028FD0CCA00611CBB /* Assets.xcassets in Resources */ = {isa = PBXBuildFile; fileRef = 7FA0AC4F28FD0CCA00611CBB /* Assets.xcassets */; };
		7FA0AC5328FD0CCA00611CBB /* LaunchScreen.storyboard in Resources */ = {isa = PBXBuildFile; fileRef = 7FA0AC5128FD0CCA00611CBB /* LaunchScreen.storyboard */; };
		7FA0AC5C28FD0FD600611CBB /* SnapKit in Frameworks */ = {isa = PBXBuildFile; productRef = 7FA0AC5B28FD0FD600611CBB /* SnapKit */; };
		7FA0AC5F28FD10AB00611CBB /* Kingfisher in Frameworks */ = {isa = PBXBuildFile; productRef = 7FA0AC5E28FD10AB00611CBB /* Kingfisher */; };
		7FA0AC6228FD120800611CBB /* Reusable in Frameworks */ = {isa = PBXBuildFile; productRef = 7FA0AC6128FD120800611CBB /* Reusable */; };
		7FA0AC6428FD130300611CBB /* TabBarController.swift in Sources */ = {isa = PBXBuildFile; fileRef = 7FA0AC6328FD130300611CBB /* TabBarController.swift */; };
		7FA0AC6628FD13C000611CBB /* TabBarType.swift in Sources */ = {isa = PBXBuildFile; fileRef = 7FA0AC6528FD13C000611CBB /* TabBarType.swift */; };
		7FA0AC6828FD151F00611CBB /* PokemonListController.swift in Sources */ = {isa = PBXBuildFile; fileRef = 7FA0AC6728FD151F00611CBB /* PokemonListController.swift */; };
		7FA0AC6A28FD153700611CBB /* SavedListController.swift in Sources */ = {isa = PBXBuildFile; fileRef = 7FA0AC6928FD153700611CBB /* SavedListController.swift */; };
		7FA0AC6C28FD15A300611CBB /* TabBarItem.swift in Sources */ = {isa = PBXBuildFile; fileRef = 7FA0AC6B28FD15A300611CBB /* TabBarItem.swift */; };
		7FA0AC7328FD1ABA00611CBB /* PokemonRepository.swift in Sources */ = {isa = PBXBuildFile; fileRef = 7FA0AC7228FD1ABA00611CBB /* PokemonRepository.swift */; };
		7FA0AC7528FD1ACA00611CBB /* PokemonLocalDataStore.swift in Sources */ = {isa = PBXBuildFile; fileRef = 7FA0AC7428FD1ACA00611CBB /* PokemonLocalDataStore.swift */; };
		7FA0AC7728FD1AD600611CBB /* PokemonRemoteDataStore.swift in Sources */ = {isa = PBXBuildFile; fileRef = 7FA0AC7628FD1AD600611CBB /* PokemonRemoteDataStore.swift */; };
		7FA0AC7928FD1AE100611CBB /* PokemonDataStore.swift in Sources */ = {isa = PBXBuildFile; fileRef = 7FA0AC7828FD1AE100611CBB /* PokemonDataStore.swift */; };
		7FA0AC7B28FD1C9000611CBB /* WebService.swift in Sources */ = {isa = PBXBuildFile; fileRef = 7FA0AC7A28FD1C9000611CBB /* WebService.swift */; };
		7FA0AC7D28FD1DDF00611CBB /* PokemonService.swift in Sources */ = {isa = PBXBuildFile; fileRef = 7FA0AC7C28FD1DDF00611CBB /* PokemonService.swift */; };
		7FA0AC7F28FD1F2700611CBB /* APIManager.swift in Sources */ = {isa = PBXBuildFile; fileRef = 7FA0AC7E28FD1F2700611CBB /* APIManager.swift */; };
		7FA0AC8128FD215A00611CBB /* APIError.swift in Sources */ = {isa = PBXBuildFile; fileRef = 7FA0AC8028FD215A00611CBB /* APIError.swift */; };
		7FA0AC8428FD21B400611CBB /* RxCocoa in Frameworks */ = {isa = PBXBuildFile; productRef = 7FA0AC8328FD21B400611CBB /* RxCocoa */; };
		7FA0AC8628FD21B400611CBB /* RxRelay in Frameworks */ = {isa = PBXBuildFile; productRef = 7FA0AC8528FD21B400611CBB /* RxRelay */; };
		7FA0AC8828FD21B400611CBB /* RxSwift in Frameworks */ = {isa = PBXBuildFile; productRef = 7FA0AC8728FD21B400611CBB /* RxSwift */; };
		7FA0AC8B28FD319900611CBB /* Pokemon.swift in Sources */ = {isa = PBXBuildFile; fileRef = 7FA0AC8A28FD319800611CBB /* Pokemon.swift */; };
		7FA0AC8D28FD79BA00611CBB /* PokemonListViewModel.swift in Sources */ = {isa = PBXBuildFile; fileRef = 7FA0AC8C28FD79BA00611CBB /* PokemonListViewModel.swift */; };
		7FA0AC8F28FD7B1600611CBB /* PokemonTableCell.swift in Sources */ = {isa = PBXBuildFile; fileRef = 7FA0AC8E28FD7B1600611CBB /* PokemonTableCell.swift */; };
		7FA0AC9528FDA59B00611CBB /* LocalStoreError.swift in Sources */ = {isa = PBXBuildFile; fileRef = 7FA0AC9428FDA59B00611CBB /* LocalStoreError.swift */; };
/* End PBXBuildFile section */

/* Begin PBXFileReference section */
		7F900E8328FEED2800F5ABDA /* PokemonMO+CoreDataClass.swift */ = {isa = PBXFileReference; lastKnownFileType = sourcecode.swift; name = "PokemonMO+CoreDataClass.swift"; path = "../PokemonMO+CoreDataClass.swift"; sourceTree = "<group>"; };
		7F900E8428FEED2800F5ABDA /* PokemonMO+CoreDataProperties.swift */ = {isa = PBXFileReference; lastKnownFileType = sourcecode.swift; name = "PokemonMO+CoreDataProperties.swift"; path = "../PokemonMO+CoreDataProperties.swift"; sourceTree = "<group>"; };
		7F900E8728FEEF5D00F5ABDA /* SavedListViewModel.swift */ = {isa = PBXFileReference; lastKnownFileType = sourcecode.swift; path = SavedListViewModel.swift; sourceTree = "<group>"; };
		7F900E8A28FEF32900F5ABDA /* NotificationName+Extensions.swift */ = {isa = PBXFileReference; lastKnownFileType = sourcecode.swift; path = "NotificationName+Extensions.swift"; sourceTree = "<group>"; };
		7FA0AC4028FD0CC700611CBB /* PokemonPedia.app */ = {isa = PBXFileReference; explicitFileType = wrapper.application; includeInIndex = 0; path = PokemonPedia.app; sourceTree = BUILT_PRODUCTS_DIR; };
		7FA0AC4328FD0CC700611CBB /* AppDelegate.swift */ = {isa = PBXFileReference; lastKnownFileType = sourcecode.swift; path = AppDelegate.swift; sourceTree = "<group>"; };
		7FA0AC4528FD0CC700611CBB /* SceneDelegate.swift */ = {isa = PBXFileReference; lastKnownFileType = sourcecode.swift; path = SceneDelegate.swift; sourceTree = "<group>"; };
		7FA0AC4D28FD0CC700611CBB /* PokemonPedia.xcdatamodel */ = {isa = PBXFileReference; lastKnownFileType = wrapper.xcdatamodel; path = PokemonPedia.xcdatamodel; sourceTree = "<group>"; };
		7FA0AC4F28FD0CCA00611CBB /* Assets.xcassets */ = {isa = PBXFileReference; lastKnownFileType = folder.assetcatalog; path = Assets.xcassets; sourceTree = "<group>"; };
		7FA0AC5228FD0CCA00611CBB /* Base */ = {isa = PBXFileReference; lastKnownFileType = file.storyboard; name = Base; path = Base.lproj/LaunchScreen.storyboard; sourceTree = "<group>"; };
		7FA0AC5428FD0CCA00611CBB /* Info.plist */ = {isa = PBXFileReference; lastKnownFileType = text.plist.xml; path = Info.plist; sourceTree = "<group>"; };
		7FA0AC6328FD130300611CBB /* TabBarController.swift */ = {isa = PBXFileReference; lastKnownFileType = sourcecode.swift; path = TabBarController.swift; sourceTree = "<group>"; };
		7FA0AC6528FD13C000611CBB /* TabBarType.swift */ = {isa = PBXFileReference; lastKnownFileType = sourcecode.swift; path = TabBarType.swift; sourceTree = "<group>"; };
		7FA0AC6728FD151F00611CBB /* PokemonListController.swift */ = {isa = PBXFileReference; lastKnownFileType = sourcecode.swift; path = PokemonListController.swift; sourceTree = "<group>"; };
		7FA0AC6928FD153700611CBB /* SavedListController.swift */ = {isa = PBXFileReference; lastKnownFileType = sourcecode.swift; path = SavedListController.swift; sourceTree = "<group>"; };
		7FA0AC6B28FD15A300611CBB /* TabBarItem.swift */ = {isa = PBXFileReference; lastKnownFileType = sourcecode.swift; path = TabBarItem.swift; sourceTree = "<group>"; };
		7FA0AC7228FD1ABA00611CBB /* PokemonRepository.swift */ = {isa = PBXFileReference; lastKnownFileType = sourcecode.swift; path = PokemonRepository.swift; sourceTree = "<group>"; };
		7FA0AC7428FD1ACA00611CBB /* PokemonLocalDataStore.swift */ = {isa = PBXFileReference; lastKnownFileType = sourcecode.swift; path = PokemonLocalDataStore.swift; sourceTree = "<group>"; };
		7FA0AC7628FD1AD600611CBB /* PokemonRemoteDataStore.swift */ = {isa = PBXFileReference; lastKnownFileType = sourcecode.swift; path = PokemonRemoteDataStore.swift; sourceTree = "<group>"; };
		7FA0AC7828FD1AE100611CBB /* PokemonDataStore.swift */ = {isa = PBXFileReference; lastKnownFileType = sourcecode.swift; path = PokemonDataStore.swift; sourceTree = "<group>"; };
		7FA0AC7A28FD1C9000611CBB /* WebService.swift */ = {isa = PBXFileReference; lastKnownFileType = sourcecode.swift; path = WebService.swift; sourceTree = "<group>"; };
		7FA0AC7C28FD1DDF00611CBB /* PokemonService.swift */ = {isa = PBXFileReference; lastKnownFileType = sourcecode.swift; path = PokemonService.swift; sourceTree = "<group>"; };
		7FA0AC7E28FD1F2700611CBB /* APIManager.swift */ = {isa = PBXFileReference; lastKnownFileType = sourcecode.swift; path = APIManager.swift; sourceTree = "<group>"; };
		7FA0AC8028FD215A00611CBB /* APIError.swift */ = {isa = PBXFileReference; lastKnownFileType = sourcecode.swift; path = APIError.swift; sourceTree = "<group>"; };
		7FA0AC8A28FD319800611CBB /* Pokemon.swift */ = {isa = PBXFileReference; lastKnownFileType = sourcecode.swift; path = Pokemon.swift; sourceTree = "<group>"; };
		7FA0AC8C28FD79BA00611CBB /* PokemonListViewModel.swift */ = {isa = PBXFileReference; lastKnownFileType = sourcecode.swift; path = PokemonListViewModel.swift; sourceTree = "<group>"; };
		7FA0AC8E28FD7B1600611CBB /* PokemonTableCell.swift */ = {isa = PBXFileReference; lastKnownFileType = sourcecode.swift; path = PokemonTableCell.swift; sourceTree = "<group>"; };
		7FA0AC9428FDA59B00611CBB /* LocalStoreError.swift */ = {isa = PBXFileReference; lastKnownFileType = sourcecode.swift; path = LocalStoreError.swift; sourceTree = "<group>"; };
/* End PBXFileReference section */

/* Begin PBXFrameworksBuildPhase section */
		7FA0AC3D28FD0CC700611CBB /* Frameworks */ = {
			isa = PBXFrameworksBuildPhase;
			buildActionMask = 2147483647;
			files = (
				7FA0AC8828FD21B400611CBB /* RxSwift in Frameworks */,
				7FA0AC8628FD21B400611CBB /* RxRelay in Frameworks */,
				7FA0AC5F28FD10AB00611CBB /* Kingfisher in Frameworks */,
				7FA0AC5C28FD0FD600611CBB /* SnapKit in Frameworks */,
				7FA0AC8428FD21B400611CBB /* RxCocoa in Frameworks */,
				7FA0AC6228FD120800611CBB /* Reusable in Frameworks */,
			);
			runOnlyForDeploymentPostprocessing = 0;
		};
/* End PBXFrameworksBuildPhase section */

/* Begin PBXGroup section */
		7F900E8928FEF31700F5ABDA /* Extensions */ = {
			isa = PBXGroup;
			children = (
				7F900E8A28FEF32900F5ABDA /* NotificationName+Extensions.swift */,
			);
			path = Extensions;
			sourceTree = "<group>";
		};
		7FA0AC3728FD0CC600611CBB = {
			isa = PBXGroup;
			children = (
				7FA0AC4228FD0CC700611CBB /* PokemonPedia */,
				7FA0AC4128FD0CC700611CBB /* Products */,
			);
			sourceTree = "<group>";
		};
		7FA0AC4128FD0CC700611CBB /* Products */ = {
			isa = PBXGroup;
			children = (
				7FA0AC4028FD0CC700611CBB /* PokemonPedia.app */,
			);
			name = Products;
			sourceTree = "<group>";
		};
		7FA0AC4228FD0CC700611CBB /* PokemonPedia */ = {
			isa = PBXGroup;
			children = (
				7FA0AC7028FD1A3C00611CBB /* App */,
				7F900E8928FEF31700F5ABDA /* Extensions */,
				7FA0AC7128FD1A8B00611CBB /* Service */,
				7FA0AC8928FD318C00611CBB /* Model */,
				7FA0AC6D28FD19FB00611CBB /* PokemonList */,
				7FA0AC6E28FD1A1600611CBB /* SavedList */,
				7FA0AC4F28FD0CCA00611CBB /* Assets.xcassets */,
				7FA0AC5128FD0CCA00611CBB /* LaunchScreen.storyboard */,
				7FA0AC5428FD0CCA00611CBB /* Info.plist */,
				7FA0AC4C28FD0CC700611CBB /* PokemonPedia.xcdatamodeld */,
			);
			path = PokemonPedia;
			sourceTree = "<group>";
		};
		7FA0AC6D28FD19FB00611CBB /* PokemonList */ = {
			isa = PBXGroup;
			children = (
				7FA0AC6728FD151F00611CBB /* PokemonListController.swift */,
				7FA0AC8C28FD79BA00611CBB /* PokemonListViewModel.swift */,
				7FA0AC8E28FD7B1600611CBB /* PokemonTableCell.swift */,
			);
			path = PokemonList;
			sourceTree = "<group>";
		};
		7FA0AC6E28FD1A1600611CBB /* SavedList */ = {
			isa = PBXGroup;
			children = (
				7FA0AC6928FD153700611CBB /* SavedListController.swift */,
				7F900E8728FEEF5D00F5ABDA /* SavedListViewModel.swift */,
			);
			path = SavedList;
			sourceTree = "<group>";
		};
		7FA0AC7028FD1A3C00611CBB /* App */ = {
			isa = PBXGroup;
			children = (
				7FA0AC4328FD0CC700611CBB /* AppDelegate.swift */,
				7FA0AC4528FD0CC700611CBB /* SceneDelegate.swift */,
				7FA0AC6328FD130300611CBB /* TabBarController.swift */,
				7FA0AC6528FD13C000611CBB /* TabBarType.swift */,
				7FA0AC6B28FD15A300611CBB /* TabBarItem.swift */,
			);
			path = App;
			sourceTree = "<group>";
		};
		7FA0AC7128FD1A8B00611CBB /* Service */ = {
			isa = PBXGroup;
			children = (
				7FA0AC7228FD1ABA00611CBB /* PokemonRepository.swift */,
				7FA0AC7828FD1AE100611CBB /* PokemonDataStore.swift */,
				7FA0AC7428FD1ACA00611CBB /* PokemonLocalDataStore.swift */,
				7FA0AC7628FD1AD600611CBB /* PokemonRemoteDataStore.swift */,
				7FA0AC9428FDA59B00611CBB /* LocalStoreError.swift */,
				7FA0AC7A28FD1C9000611CBB /* WebService.swift */,
				7FA0AC7C28FD1DDF00611CBB /* PokemonService.swift */,
				7FA0AC7E28FD1F2700611CBB /* APIManager.swift */,
				7FA0AC8028FD215A00611CBB /* APIError.swift */,
			);
			path = Service;
			sourceTree = "<group>";
		};
		7FA0AC8928FD318C00611CBB /* Model */ = {
			isa = PBXGroup;
			children = (
				7FA0AC8A28FD319800611CBB /* Pokemon.swift */,
				7F900E8328FEED2800F5ABDA /* PokemonMO+CoreDataClass.swift */,
				7F900E8428FEED2800F5ABDA /* PokemonMO+CoreDataProperties.swift */,
			);
			path = Model;
			sourceTree = "<group>";
		};
/* End PBXGroup section */

/* Begin PBXNativeTarget section */
		7FA0AC3F28FD0CC700611CBB /* PokemonPedia */ = {
			isa = PBXNativeTarget;
			buildConfigurationList = 7FA0AC5728FD0CCA00611CBB /* Build configuration list for PBXNativeTarget "PokemonPedia" */;
			buildPhases = (
				7FA0AC3C28FD0CC700611CBB /* Sources */,
				7FA0AC3D28FD0CC700611CBB /* Frameworks */,
				7FA0AC3E28FD0CC700611CBB /* Resources */,
			);
			buildRules = (
			);
			dependencies = (
			);
			name = PokemonPedia;
			packageProductDependencies = (
				7FA0AC5B28FD0FD600611CBB /* SnapKit */,
				7FA0AC5E28FD10AB00611CBB /* Kingfisher */,
				7FA0AC6128FD120800611CBB /* Reusable */,
				7FA0AC8328FD21B400611CBB /* RxCocoa */,
				7FA0AC8528FD21B400611CBB /* RxRelay */,
				7FA0AC8728FD21B400611CBB /* RxSwift */,
			);
			productName = PokemonPedia;
			productReference = 7FA0AC4028FD0CC700611CBB /* PokemonPedia.app */;
			productType = "com.apple.product-type.application";
		};
/* End PBXNativeTarget section */

/* Begin PBXProject section */
		7FA0AC3828FD0CC700611CBB /* Project object */ = {
			isa = PBXProject;
			attributes = {
				BuildIndependentTargetsInParallel = 1;
				LastSwiftUpdateCheck = 1340;
				LastUpgradeCheck = 1340;
				TargetAttributes = {
					7FA0AC3F28FD0CC700611CBB = {
						CreatedOnToolsVersion = 13.4.1;
					};
				};
			};
			buildConfigurationList = 7FA0AC3B28FD0CC700611CBB /* Build configuration list for PBXProject "PokemonPedia" */;
			compatibilityVersion = "Xcode 13.0";
			developmentRegion = en;
			hasScannedForEncodings = 0;
			knownRegions = (
				en,
				Base,
			);
			mainGroup = 7FA0AC3728FD0CC600611CBB;
			packageReferences = (
				7FA0AC5A28FD0FD600611CBB /* XCRemoteSwiftPackageReference "SnapKit" */,
				7FA0AC5D28FD10AB00611CBB /* XCRemoteSwiftPackageReference "Kingfisher" */,
				7FA0AC6028FD120800611CBB /* XCRemoteSwiftPackageReference "Reusable" */,
				7FA0AC8228FD21B400611CBB /* XCRemoteSwiftPackageReference "RxSwift" */,
			);
			productRefGroup = 7FA0AC4128FD0CC700611CBB /* Products */;
			projectDirPath = "";
			projectRoot = "";
			targets = (
				7FA0AC3F28FD0CC700611CBB /* PokemonPedia */,
			);
		};
/* End PBXProject section */

/* Begin PBXResourcesBuildPhase section */
		7FA0AC3E28FD0CC700611CBB /* Resources */ = {
			isa = PBXResourcesBuildPhase;
			buildActionMask = 2147483647;
			files = (
				7FA0AC5328FD0CCA00611CBB /* LaunchScreen.storyboard in Resources */,
				7FA0AC5028FD0CCA00611CBB /* Assets.xcassets in Resources */,
			);
			runOnlyForDeploymentPostprocessing = 0;
		};
/* End PBXResourcesBuildPhase section */

/* Begin PBXSourcesBuildPhase section */
		7FA0AC3C28FD0CC700611CBB /* Sources */ = {
			isa = PBXSourcesBuildPhase;
			buildActionMask = 2147483647;
			files = (
				7FA0AC7B28FD1C9000611CBB /* WebService.swift in Sources */,
				7F900E8828FEEF5D00F5ABDA /* SavedListViewModel.swift in Sources */,
				7FA0AC9528FDA59B00611CBB /* LocalStoreError.swift in Sources */,
				7FA0AC4E28FD0CC700611CBB /* PokemonPedia.xcdatamodeld in Sources */,
				7FA0AC7528FD1ACA00611CBB /* PokemonLocalDataStore.swift in Sources */,
				7FA0AC8B28FD319900611CBB /* Pokemon.swift in Sources */,
				7FA0AC8F28FD7B1600611CBB /* PokemonTableCell.swift in Sources */,
				7FA0AC6828FD151F00611CBB /* PokemonListController.swift in Sources */,
				7FA0AC4428FD0CC700611CBB /* AppDelegate.swift in Sources */,
				7FA0AC6628FD13C000611CBB /* TabBarType.swift in Sources */,
				7FA0AC6A28FD153700611CBB /* SavedListController.swift in Sources */,
				7FA0AC7328FD1ABA00611CBB /* PokemonRepository.swift in Sources */,
				7FA0AC7728FD1AD600611CBB /* PokemonRemoteDataStore.swift in Sources */,
				7FA0AC8D28FD79BA00611CBB /* PokemonListViewModel.swift in Sources */,
				7FA0AC6428FD130300611CBB /* TabBarController.swift in Sources */,
				7FA0AC7928FD1AE100611CBB /* PokemonDataStore.swift in Sources */,
				7F900E8628FEED2800F5ABDA /* PokemonMO+CoreDataProperties.swift in Sources */,
				7F900E8528FEED2800F5ABDA /* PokemonMO+CoreDataClass.swift in Sources */,
				7FA0AC7D28FD1DDF00611CBB /* PokemonService.swift in Sources */,
				7FA0AC7F28FD1F2700611CBB /* APIManager.swift in Sources */,
				7FA0AC8128FD215A00611CBB /* APIError.swift in Sources */,
				7F900E8B28FEF32900F5ABDA /* NotificationName+Extensions.swift in Sources */,
				7FA0AC6C28FD15A300611CBB /* TabBarItem.swift in Sources */,
				7FA0AC4628FD0CC700611CBB /* SceneDelegate.swift in Sources */,
			);
			runOnlyForDeploymentPostprocessing = 0;
		};
/* End PBXSourcesBuildPhase section */

/* Begin PBXVariantGroup section */
		7FA0AC5128FD0CCA00611CBB /* LaunchScreen.storyboard */ = {
			isa = PBXVariantGroup;
			children = (
				7FA0AC5228FD0CCA00611CBB /* Base */,
			);
			name = LaunchScreen.storyboard;
			sourceTree = "<group>";
		};
/* End PBXVariantGroup section */

/* Begin XCBuildConfiguration section */
		7FA0AC5528FD0CCA00611CBB /* Debug */ = {
			isa = XCBuildConfiguration;
			buildSettings = {
				ALWAYS_SEARCH_USER_PATHS = NO;
				CLANG_ANALYZER_NONNULL = YES;
				CLANG_ANALYZER_NUMBER_OBJECT_CONVERSION = YES_AGGRESSIVE;
				CLANG_CXX_LANGUAGE_STANDARD = "gnu++17";
				CLANG_ENABLE_MODULES = YES;
				CLANG_ENABLE_OBJC_ARC = YES;
				CLANG_ENABLE_OBJC_WEAK = YES;
				CLANG_WARN_BLOCK_CAPTURE_AUTORELEASING = YES;
				CLANG_WARN_BOOL_CONVERSION = YES;
				CLANG_WARN_COMMA = YES;
				CLANG_WARN_CONSTANT_CONVERSION = YES;
				CLANG_WARN_DEPRECATED_OBJC_IMPLEMENTATIONS = YES;
				CLANG_WARN_DIRECT_OBJC_ISA_USAGE = YES_ERROR;
				CLANG_WARN_DOCUMENTATION_COMMENTS = YES;
				CLANG_WARN_EMPTY_BODY = YES;
				CLANG_WARN_ENUM_CONVERSION = YES;
				CLANG_WARN_INFINITE_RECURSION = YES;
				CLANG_WARN_INT_CONVERSION = YES;
				CLANG_WARN_NON_LITERAL_NULL_CONVERSION = YES;
				CLANG_WARN_OBJC_IMPLICIT_RETAIN_SELF = YES;
				CLANG_WARN_OBJC_LITERAL_CONVERSION = YES;
				CLANG_WARN_OBJC_ROOT_CLASS = YES_ERROR;
				CLANG_WARN_QUOTED_INCLUDE_IN_FRAMEWORK_HEADER = YES;
				CLANG_WARN_RANGE_LOOP_ANALYSIS = YES;
				CLANG_WARN_STRICT_PROTOTYPES = YES;
				CLANG_WARN_SUSPICIOUS_MOVE = YES;
				CLANG_WARN_UNGUARDED_AVAILABILITY = YES_AGGRESSIVE;
				CLANG_WARN_UNREACHABLE_CODE = YES;
				CLANG_WARN__DUPLICATE_METHOD_MATCH = YES;
				COPY_PHASE_STRIP = NO;
				DEBUG_INFORMATION_FORMAT = dwarf;
				ENABLE_STRICT_OBJC_MSGSEND = YES;
				ENABLE_TESTABILITY = YES;
				GCC_C_LANGUAGE_STANDARD = gnu11;
				GCC_DYNAMIC_NO_PIC = NO;
				GCC_NO_COMMON_BLOCKS = YES;
				GCC_OPTIMIZATION_LEVEL = 0;
				GCC_PREPROCESSOR_DEFINITIONS = (
					"DEBUG=1",
					"$(inherited)",
				);
				GCC_WARN_64_TO_32_BIT_CONVERSION = YES;
				GCC_WARN_ABOUT_RETURN_TYPE = YES_ERROR;
				GCC_WARN_UNDECLARED_SELECTOR = YES;
				GCC_WARN_UNINITIALIZED_AUTOS = YES_AGGRESSIVE;
				GCC_WARN_UNUSED_FUNCTION = YES;
				GCC_WARN_UNUSED_VARIABLE = YES;
				IPHONEOS_DEPLOYMENT_TARGET = 15.5;
				MTL_ENABLE_DEBUG_INFO = INCLUDE_SOURCE;
				MTL_FAST_MATH = YES;
				ONLY_ACTIVE_ARCH = YES;
				SDKROOT = iphoneos;
				SWIFT_ACTIVE_COMPILATION_CONDITIONS = DEBUG;
				SWIFT_OPTIMIZATION_LEVEL = "-Onone";
			};
			name = Debug;
		};
		7FA0AC5628FD0CCA00611CBB /* Release */ = {
			isa = XCBuildConfiguration;
			buildSettings = {
				ALWAYS_SEARCH_USER_PATHS = NO;
				CLANG_ANALYZER_NONNULL = YES;
				CLANG_ANALYZER_NUMBER_OBJECT_CONVERSION = YES_AGGRESSIVE;
				CLANG_CXX_LANGUAGE_STANDARD = "gnu++17";
				CLANG_ENABLE_MODULES = YES;
				CLANG_ENABLE_OBJC_ARC = YES;
				CLANG_ENABLE_OBJC_WEAK = YES;
				CLANG_WARN_BLOCK_CAPTURE_AUTORELEASING = YES;
				CLANG_WARN_BOOL_CONVERSION = YES;
				CLANG_WARN_COMMA = YES;
				CLANG_WARN_CONSTANT_CONVERSION = YES;
				CLANG_WARN_DEPRECATED_OBJC_IMPLEMENTATIONS = YES;
				CLANG_WARN_DIRECT_OBJC_ISA_USAGE = YES_ERROR;
				CLANG_WARN_DOCUMENTATION_COMMENTS = YES;
				CLANG_WARN_EMPTY_BODY = YES;
				CLANG_WARN_ENUM_CONVERSION = YES;
				CLANG_WARN_INFINITE_RECURSION = YES;
				CLANG_WARN_INT_CONVERSION = YES;
				CLANG_WARN_NON_LITERAL_NULL_CONVERSION = YES;
				CLANG_WARN_OBJC_IMPLICIT_RETAIN_SELF = YES;
				CLANG_WARN_OBJC_LITERAL_CONVERSION = YES;
				CLANG_WARN_OBJC_ROOT_CLASS = YES_ERROR;
				CLANG_WARN_QUOTED_INCLUDE_IN_FRAMEWORK_HEADER = YES;
				CLANG_WARN_RANGE_LOOP_ANALYSIS = YES;
				CLANG_WARN_STRICT_PROTOTYPES = YES;
				CLANG_WARN_SUSPICIOUS_MOVE = YES;
				CLANG_WARN_UNGUARDED_AVAILABILITY = YES_AGGRESSIVE;
				CLANG_WARN_UNREACHABLE_CODE = YES;
				CLANG_WARN__DUPLICATE_METHOD_MATCH = YES;
				COPY_PHASE_STRIP = NO;
				DEBUG_INFORMATION_FORMAT = "dwarf-with-dsym";
				ENABLE_NS_ASSERTIONS = NO;
				ENABLE_STRICT_OBJC_MSGSEND = YES;
				GCC_C_LANGUAGE_STANDARD = gnu11;
				GCC_NO_COMMON_BLOCKS = YES;
				GCC_WARN_64_TO_32_BIT_CONVERSION = YES;
				GCC_WARN_ABOUT_RETURN_TYPE = YES_ERROR;
				GCC_WARN_UNDECLARED_SELECTOR = YES;
				GCC_WARN_UNINITIALIZED_AUTOS = YES_AGGRESSIVE;
				GCC_WARN_UNUSED_FUNCTION = YES;
				GCC_WARN_UNUSED_VARIABLE = YES;
				IPHONEOS_DEPLOYMENT_TARGET = 15.5;
				MTL_ENABLE_DEBUG_INFO = NO;
				MTL_FAST_MATH = YES;
				SDKROOT = iphoneos;
				SWIFT_COMPILATION_MODE = wholemodule;
				SWIFT_OPTIMIZATION_LEVEL = "-O";
				VALIDATE_PRODUCT = YES;
			};
			name = Release;
		};
		7FA0AC5828FD0CCA00611CBB /* Debug */ = {
			isa = XCBuildConfiguration;
			buildSettings = {
				ASSETCATALOG_COMPILER_APPICON_NAME = AppIcon;
				ASSETCATALOG_COMPILER_GLOBAL_ACCENT_COLOR_NAME = AccentColor;
				CODE_SIGN_IDENTITY = "iPhone Developer";
				CODE_SIGN_STYLE = Manual;
				CURRENT_PROJECT_VERSION = 1;
				DEVELOPMENT_TEAM = 3VX9S93JFQ;
				GENERATE_INFOPLIST_FILE = YES;
				INFOPLIST_FILE = PokemonPedia/Info.plist;
				INFOPLIST_KEY_UIApplicationSupportsIndirectInputEvents = YES;
				INFOPLIST_KEY_UILaunchStoryboardName = LaunchScreen;
				INFOPLIST_KEY_UISupportedInterfaceOrientations_iPad = "UIInterfaceOrientationPortrait UIInterfaceOrientationPortraitUpsideDown UIInterfaceOrientationLandscapeLeft UIInterfaceOrientationLandscapeRight";
				INFOPLIST_KEY_UISupportedInterfaceOrientations_iPhone = "UIInterfaceOrientationPortrait UIInterfaceOrientationLandscapeLeft UIInterfaceOrientationLandscapeRight";
				LD_RUNPATH_SEARCH_PATHS = (
					"$(inherited)",
					"@executable_path/Frameworks",
				);
				MARKETING_VERSION = 1.0;
				PRODUCT_BUNDLE_IDENTIFIER = "com.ariespicyang.pokemon-pedia";
				PRODUCT_NAME = "$(TARGET_NAME)";
				PROVISIONING_PROFILE_SPECIFIER = "General Development";
				SWIFT_EMIT_LOC_STRINGS = YES;
				SWIFT_VERSION = 5.0;
				TARGETED_DEVICE_FAMILY = "1,2";
			};
			name = Debug;
		};
		7FA0AC5928FD0CCA00611CBB /* Release */ = {
			isa = XCBuildConfiguration;
			buildSettings = {
				ASSETCATALOG_COMPILER_APPICON_NAME = AppIcon;
				ASSETCATALOG_COMPILER_GLOBAL_ACCENT_COLOR_NAME = AccentColor;
				CODE_SIGN_IDENTITY = "iPhone Developer";
				CODE_SIGN_STYLE = Manual;
				CURRENT_PROJECT_VERSION = 1;
				DEVELOPMENT_TEAM = 3VX9S93JFQ;
				GENERATE_INFOPLIST_FILE = YES;
				INFOPLIST_FILE = PokemonPedia/Info.plist;
				INFOPLIST_KEY_UIApplicationSupportsIndirectInputEvents = YES;
				INFOPLIST_KEY_UILaunchStoryboardName = LaunchScreen;
				INFOPLIST_KEY_UISupportedInterfaceOrientations_iPad = "UIInterfaceOrientationPortrait UIInterfaceOrientationPortraitUpsideDown UIInterfaceOrientationLandscapeLeft UIInterfaceOrientationLandscapeRight";
				INFOPLIST_KEY_UISupportedInterfaceOrientations_iPhone = "UIInterfaceOrientationPortrait UIInterfaceOrientationLandscapeLeft UIInterfaceOrientationLandscapeRight";
				LD_RUNPATH_SEARCH_PATHS = (
					"$(inherited)",
					"@executable_path/Frameworks",
				);
				MARKETING_VERSION = 1.0;
				PRODUCT_BUNDLE_IDENTIFIER = "com.ariespicyang.pokemon-pedia";
				PRODUCT_NAME = "$(TARGET_NAME)";
				PROVISIONING_PROFILE_SPECIFIER = "General Development";
				SWIFT_EMIT_LOC_STRINGS = YES;
				SWIFT_VERSION = 5.0;
				TARGETED_DEVICE_FAMILY = "1,2";
			};
			name = Release;
		};
/* End XCBuildConfiguration section */

/* Begin XCConfigurationList section */
		7FA0AC3B28FD0CC700611CBB /* Build configuration list for PBXProject "PokemonPedia" */ = {
			isa = XCConfigurationList;
			buildConfigurations = (
				7FA0AC5528FD0CCA00611CBB /* Debug */,
				7FA0AC5628FD0CCA00611CBB /* Release */,
			);
			defaultConfigurationIsVisible = 0;
			defaultConfigurationName = Release;
		};
		7FA0AC5728FD0CCA00611CBB /* Build configuration list for PBXNativeTarget "PokemonPedia" */ = {
			isa = XCConfigurationList;
			buildConfigurations = (
				7FA0AC5828FD0CCA00611CBB /* Debug */,
				7FA0AC5928FD0CCA00611CBB /* Release */,
			);
			defaultConfigurationIsVisible = 0;
			defaultConfigurationName = Release;
		};
/* End XCConfigurationList section */

/* Begin XCRemoteSwiftPackageReference section */
		7FA0AC5A28FD0FD600611CBB /* XCRemoteSwiftPackageReference "SnapKit" */ = {
			isa = XCRemoteSwiftPackageReference;
			repositoryURL = "git@github.com:SnapKit/SnapKit.git";
			requirement = {
				kind = upToNextMajorVersion;
				minimumVersion = 5.0.0;
			};
		};
		7FA0AC5D28FD10AB00611CBB /* XCRemoteSwiftPackageReference "Kingfisher" */ = {
			isa = XCRemoteSwiftPackageReference;
			repositoryURL = "https://github.com/onevcat/Kingfisher";
			requirement = {
				kind = upToNextMajorVersion;
				minimumVersion = 7.0.0;
			};
		};
		7FA0AC6028FD120800611CBB /* XCRemoteSwiftPackageReference "Reusable" */ = {
			isa = XCRemoteSwiftPackageReference;
			repositoryURL = "git@github.com:AliSoftware/Reusable.git";
			requirement = {
				kind = upToNextMajorVersion;
				minimumVersion = 4.0.0;
			};
		};
		7FA0AC8228FD21B400611CBB /* XCRemoteSwiftPackageReference "RxSwift" */ = {
			isa = XCRemoteSwiftPackageReference;
			repositoryURL = "https://github.com/ReactiveX/RxSwift";
			requirement = {
				kind = upToNextMajorVersion;
				minimumVersion = 6.0.0;
			};
		};
/* End XCRemoteSwiftPackageReference section */

/* Begin XCSwiftPackageProductDependency section */
		7FA0AC5B28FD0FD600611CBB /* SnapKit */ = {
			isa = XCSwiftPackageProductDependency;
			package = 7FA0AC5A28FD0FD600611CBB /* XCRemoteSwiftPackageReference "SnapKit" */;
			productName = SnapKit;
		};
		7FA0AC5E28FD10AB00611CBB /* Kingfisher */ = {
			isa = XCSwiftPackageProductDependency;
			package = 7FA0AC5D28FD10AB00611CBB /* XCRemoteSwiftPackageReference "Kingfisher" */;
			productName = Kingfisher;
		};
		7FA0AC6128FD120800611CBB /* Reusable */ = {
			isa = XCSwiftPackageProductDependency;
			package = 7FA0AC6028FD120800611CBB /* XCRemoteSwiftPackageReference "Reusable" */;
			productName = Reusable;
		};
		7FA0AC8328FD21B400611CBB /* RxCocoa */ = {
			isa = XCSwiftPackageProductDependency;
			package = 7FA0AC8228FD21B400611CBB /* XCRemoteSwiftPackageReference "RxSwift" */;
			productName = RxCocoa;
		};
		7FA0AC8528FD21B400611CBB /* RxRelay */ = {
			isa = XCSwiftPackageProductDependency;
			package = 7FA0AC8228FD21B400611CBB /* XCRemoteSwiftPackageReference "RxSwift" */;
			productName = RxRelay;
		};
		7FA0AC8728FD21B400611CBB /* RxSwift */ = {
			isa = XCSwiftPackageProductDependency;
			package = 7FA0AC8228FD21B400611CBB /* XCRemoteSwiftPackageReference "RxSwift" */;
			productName = RxSwift;
		};
/* End XCSwiftPackageProductDependency section */

/* Begin XCVersionGroup section */
		7FA0AC4C28FD0CC700611CBB /* PokemonPedia.xcdatamodeld */ = {
			isa = XCVersionGroup;
			children = (
				7FA0AC4D28FD0CC700611CBB /* PokemonPedia.xcdatamodel */,
			);
			currentVersion = 7FA0AC4D28FD0CC700611CBB /* PokemonPedia.xcdatamodel */;
			path = PokemonPedia.xcdatamodeld;
			sourceTree = "<group>";
			versionGroupType = wrapper.xcdatamodel;
		};
/* End XCVersionGroup section */
	};
	rootObject = 7FA0AC3828FD0CC700611CBB /* Project object */;
}
